
Microsoft Visual Studio Solution File, Format Version 12.00
# Visual Studio Version 17
VisualStudioVersion = 17.5.002.0
MinimumVisualStudioVersion = 10.0.40219.1
Project("{9A19103F-16F7-4668-BE54-9A1E7A4F7556}") = "ECommerceMVC", "ECommerceMVC\ECommerceMVC.csproj", "{55E0DEAA-3B65-48D5-9582-E3FB98ED80F1}"
EndProject
Global
	GlobalSection(SolutionConfigurationPlatforms) = preSolution
		Debug|Any CPU = Debug|Any CPU
		Release|Any CPU = Release|Any CPU
	EndGlobalSection
	GlobalSection(ProjectConfigurationPlatforms) = postSolution
		{55E0DEAA-3B65-48D5-9582-E3FB98ED80F1}.Debug|Any CPU.ActiveCfg = Debug|Any CPU
		{55E0DEAA-3B65-48D5-9582-E3FB98ED80F1}.Debug|Any CPU.Build.0 = Debug|Any CPU
		{55E0DEAA-3B65-48D5-9582-E3FB98ED80F1}.Release|Any CPU.ActiveCfg = Release|Any CPU
		{55E0DEAA-3B65-48D5-9582-E3FB98ED80F1}.Release|Any CPU.Build.0 = Release|Any CPU
	EndGlobalSection
	GlobalSection(SolutionProperties) = preSolution
		HideSolutionNode = FALSE
	EndGlobalSection
	GlobalSection(ExtensibilityGlobals) = postSolution
		SolutionGuid = {30DC8E6A-F969-4142-8F06-BBD78E85AA3C}
	EndGlobalSection
EndGlobal
